
Microsoft Visual Studio Solution File, Format Version 12.00
# Visual Studio Version 17
VisualStudioVersion = 17.5.33502.453
MinimumVisualStudioVersion = 10.0.40219.1
Project("{FAE04EC0-301F-11D3-BF4B-00C04F79EFBC}") = "OnlineVideoStreamingApp", "OnlineVideoStreamingApp.csproj", "{6DB31273-0D85-40E6-A15F-8CF4A9D92894}"
EndProject
Global
	GlobalSection(SolutionConfigurationPlatforms) = preSolution
		Debug|Any CPU = Debug|Any CPU
		Release|Any CPU = Release|Any CPU
	EndGlobalSection
	GlobalSection(ProjectConfigurationPlatforms) = postSolution
		{6DB31273-0D85-40E6-A15F-8CF4A9D92894}.Debug|Any CPU.ActiveCfg = Debug|Any CPU
		{6DB31273-0D85-40E6-A15F-8CF4A9D92894}.Debug|Any CPU.Build.0 = Debug|Any CPU
		{6DB31273-0D85-40E6-A15F-8CF4A9D92894}.Release|Any CPU.ActiveCfg = Release|Any CPU
		{6DB31273-0D85-40E6-A15F-8CF4A9D92894}.Release|Any CPU.Build.0 = Release|Any CPU
	EndGlobalSection
	GlobalSection(SolutionProperties) = preSolution
		HideSolutionNode = FALSE
	EndGlobalSection
	GlobalSection(ExtensibilityGlobals) = postSolution
		SolutionGuid = {99B0C82C-7703-4395-AA64-115B2CE3D263}
	EndGlobalSection
EndGlobal
